
Microsoft Visual Studio Solution File, Format Version 12.00
# Visual Studio Version 17
VisualStudioVersion = 17.8.34330.188
MinimumVisualStudioVersion = 10.0.40219.1
Project("{FAE04EC0-301F-11D3-BF4B-00C04F79EFBC}") = "programming technologies #3_3", "programming technologies #3_3\programming technologies #3_3.csproj", "{09B40820-9159-45D6-B9ED-830CDDC5A2E3}"
EndProject
Global
	GlobalSection(SolutionConfigurationPlatforms) = preSolution
		Debug|Any CPU = Debug|Any CPU
		Release|Any CPU = Release|Any CPU
	EndGlobalSection
	GlobalSection(ProjectConfigurationPlatforms) = postSolution
		{09B40820-9159-45D6-B9ED-830CDDC5A2E3}.Debug|Any CPU.ActiveCfg = Debug|Any CPU
		{09B40820-9159-45D6-B9ED-830CDDC5A2E3}.Debug|Any CPU.Build.0 = Debug|Any CPU
		{09B40820-9159-45D6-B9ED-830CDDC5A2E3}.Release|Any CPU.ActiveCfg = Release|Any CPU
		{09B40820-9159-45D6-B9ED-830CDDC5A2E3}.Release|Any CPU.Build.0 = Release|Any CPU
	EndGlobalSection
	GlobalSection(SolutionProperties) = preSolution
		HideSolutionNode = FALSE
	EndGlobalSection
	GlobalSection(ExtensibilityGlobals) = postSolution
		SolutionGuid = {3C77921A-DFB1-4382-9436-D70BC7338367}
	EndGlobalSection
EndGlobal
