
Microsoft Visual Studio Solution File, Format Version 12.00
# Visual Studio Version 17
VisualStudioVersion = 17.8.34330.188
MinimumVisualStudioVersion = 10.0.40219.1
Project("{FAE04EC0-301F-11D3-BF4B-00C04F79EFBC}") = "programming technologies #3_2", "programming technologies #3_2\programming technologies #3_2.csproj", "{858970EF-3432-4195-A596-73CA61CED141}"
EndProject
Global
	GlobalSection(SolutionConfigurationPlatforms) = preSolution
		Debug|Any CPU = Debug|Any CPU
		Release|Any CPU = Release|Any CPU
	EndGlobalSection
	GlobalSection(ProjectConfigurationPlatforms) = postSolution
		{858970EF-3432-4195-A596-73CA61CED141}.Debug|Any CPU.ActiveCfg = Debug|Any CPU
		{858970EF-3432-4195-A596-73CA61CED141}.Debug|Any CPU.Build.0 = Debug|Any CPU
		{858970EF-3432-4195-A596-73CA61CED141}.Release|Any CPU.ActiveCfg = Release|Any CPU
		{858970EF-3432-4195-A596-73CA61CED141}.Release|Any CPU.Build.0 = Release|Any CPU
	EndGlobalSection
	GlobalSection(SolutionProperties) = preSolution
		HideSolutionNode = FALSE
	EndGlobalSection
	GlobalSection(ExtensibilityGlobals) = postSolution
		SolutionGuid = {4D1295AF-0832-4953-994B-B3706A6266D6}
	EndGlobalSection
EndGlobal
